
Microsoft Visual Studio Solution File, Format Version 12.00
# Visual Studio 15
VisualStudioVersion = 15.0.28307.489
MinimumVisualStudioVersion = 10.0.40219.1
Project("{8BC9CEB8-8B4A-11D0-8D11-00A0C91BC942}") = "calc pi with collisions", "calc pi with collisions\calc pi with collisions.vcxproj", "{F46D159D-F61F-4DD3-B474-00287C702C98}"
EndProject
Global
	GlobalSection(SolutionConfigurationPlatforms) = preSolution
		Debug|x64 = Debug|x64
		Debug|x86 = Debug|x86
		Release|x64 = Release|x64
		Release|x86 = Release|x86
	EndGlobalSection
	GlobalSection(ProjectConfigurationPlatforms) = postSolution
		{F46D159D-F61F-4DD3-B474-00287C702C98}.Debug|x64.ActiveCfg = Debug|x64
		{F46D159D-F61F-4DD3-B474-00287C702C98}.Debug|x64.Build.0 = Debug|x64
		{F46D159D-F61F-4DD3-B474-00287C702C98}.Debug|x86.ActiveCfg = Debug|Win32
		{F46D159D-F61F-4DD3-B474-00287C702C98}.Debug|x86.Build.0 = Debug|Win32
		{F46D159D-F61F-4DD3-B474-00287C702C98}.Release|x64.ActiveCfg = Release|x64
		{F46D159D-F61F-4DD3-B474-00287C702C98}.Release|x64.Build.0 = Release|x64
		{F46D159D-F61F-4DD3-B474-00287C702C98}.Release|x86.ActiveCfg = Release|Win32
		{F46D159D-F61F-4DD3-B474-00287C702C98}.Release|x86.Build.0 = Release|Win32
	EndGlobalSection
	GlobalSection(SolutionProperties) = preSolution
		HideSolutionNode = FALSE
	EndGlobalSection
	GlobalSection(ExtensibilityGlobals) = postSolution
		SolutionGuid = {CEC13305-2119-4533-AA70-0483AB75E329}
	EndGlobalSection
EndGlobal
